
Microsoft Visual Studio Solution File, Format Version 12.00
# Visual Studio Version 17
VisualStudioVersion = 17.9.34728.123
MinimumVisualStudioVersion = 10.0.40219.1
Project("{FAE04EC0-301F-11D3-BF4B-00C04F79EFBC}") = "EmployeeManagementSystem", "EmployeeManagementSystem\EmployeeManagementSystem.csproj", "{C61A8A62-0090-4B78-94C0-95BC8A242F2C}"
EndProject
Global
	GlobalSection(SolutionConfigurationPlatforms) = preSolution
		Debug|Any CPU = Debug|Any CPU
		Release|Any CPU = Release|Any CPU
	EndGlobalSection
	GlobalSection(ProjectConfigurationPlatforms) = postSolution
		{C61A8A62-0090-4B78-94C0-95BC8A242F2C}.Debug|Any CPU.ActiveCfg = Debug|Any CPU
		{C61A8A62-0090-4B78-94C0-95BC8A242F2C}.Debug|Any CPU.Build.0 = Debug|Any CPU
		{C61A8A62-0090-4B78-94C0-95BC8A242F2C}.Release|Any CPU.ActiveCfg = Release|Any CPU
		{C61A8A62-0090-4B78-94C0-95BC8A242F2C}.Release|Any CPU.Build.0 = Release|Any CPU
	EndGlobalSection
	GlobalSection(SolutionProperties) = preSolution
		HideSolutionNode = FALSE
	EndGlobalSection
	GlobalSection(ExtensibilityGlobals) = postSolution
		SolutionGuid = {5343FA58-9D8B-49B9-ADE2-810D572F717D}
	EndGlobalSection
EndGlobal
